
Microsoft Visual Studio Solution File, Format Version 12.00
# Visual Studio Version 17
VisualStudioVersion = 17.9.34518.117
MinimumVisualStudioVersion = 10.0.40219.1
Project("{9A19103F-16F7-4668-BE54-9A1E7A4F7556}") = "PALC.CrashHandler", "PALC.CrashHandler.csproj", "{508FB83F-D07C-4131-A28C-94D1B43F639E}"
EndProject
Global
	GlobalSection(SolutionConfigurationPlatforms) = preSolution
		Debug|Any CPU = Debug|Any CPU
		Release|Any CPU = Release|Any CPU
		Reload Design|Any CPU = Reload Design|Any CPU
	EndGlobalSection
	GlobalSection(ProjectConfigurationPlatforms) = postSolution
		{508FB83F-D07C-4131-A28C-94D1B43F639E}.Debug|Any CPU.ActiveCfg = Debug|Any CPU
		{508FB83F-D07C-4131-A28C-94D1B43F639E}.Debug|Any CPU.Build.0 = Debug|Any CPU
		{508FB83F-D07C-4131-A28C-94D1B43F639E}.Release|Any CPU.ActiveCfg = Release|Any CPU
		{508FB83F-D07C-4131-A28C-94D1B43F639E}.Release|Any CPU.Build.0 = Release|Any CPU
		{508FB83F-D07C-4131-A28C-94D1B43F639E}.Reload Design|Any CPU.ActiveCfg = Reload Design|Any CPU
		{508FB83F-D07C-4131-A28C-94D1B43F639E}.Reload Design|Any CPU.Build.0 = Reload Design|Any CPU
	EndGlobalSection
	GlobalSection(SolutionProperties) = preSolution
		HideSolutionNode = FALSE
	EndGlobalSection
	GlobalSection(ExtensibilityGlobals) = postSolution
		SolutionGuid = {BCBF61CA-AAD5-4872-AFF8-335939929338}
	EndGlobalSection
EndGlobal
